github.com/BurntSushi/toml v0.0.0-20160426202516-f0aeabca5a12 h1:SGbPgXQwWSGPDvDi2OHcdK9bCLBgMT0xNciCO1RRqFY=
github.com/BurntSushi/toml v0.0.0-20160426202516-f0aeabca5a12/go.mod h1:xHWCNGjB5oqiDr8zfno3MHue2Ht5sIBksp03qcyfWMU=
github.com/cbroglie/mustache v0.0.0-20161020193316-6857e4b493bd h1:B3K+pj123mQhKc8Xu/2ROJhDZLl9wvKxzmyHy7gpmd0=
github.com/cbroglie/mustache v0.0.0-20161020193316-6857e4b493bd/go.mod h1:R/RUa+SobQ14qkP4jtx5Vke5sDytONDQXNLPY/PO69g=
github.com/davecgh/go-spew v1.1.1 h1:vj9j/u1bqnvCEfJOwUhtlOARqs3+rkHYY13jYWTU97c=
github.com/davecgh/go-spew v1.1.1/go.mod h1:J7Y8YcW2NihsgmVo/mv3lAwl/skON4iLHjSsI+c5H38=
github.com/fsnotify/fsnotify v1.3.0 h1:XyNoRE4PlEAzjaHYBqJuJC18jNWyfDVJ2jwD5kCuwXs=
github.com/fsnotify/fsnotify v1.3.0/go.mod h1:jwhsz4b93w/PPRr/qN1Yymfu8t87LnFCMoQvtojpjFo=
github.com/hashicorp/hcl v0.0.0-20160616210017-aa7699b7b62c h1:Nt6HKiWhAT/YbvvdpEaoCvTT9KYcMLSbYj7HCnMQ45U=
github.com/hashicorp/hcl v0.0.0-20160616210017-aa7699b7b62c/go.mod h1:oZtUIOe8dh44I2q6ScRibXws4Ajl+d+nod3AaR9vL5w=
github.com/kr/pretty v0.1.0 h1:L/CwN0zerZDmRFUapSPitk6f+Q3+0za1rQkzVuMiMFI=
github.com/kr/pretty v0.1.0/go.mod h1:dAy3ld7l9f0ibDNOQOHHMYYIIbhfbHSm3C4ZsoJORNo=
github.com/kr/pty v1.1.1/go.mod h1:pFQYn66WHrOpPYNljwOMqo10TkYh1fy3cYio2l3bCsQ=
github.com/kr/text v0.1.0 h1:45sCR5RtlFHMR4UwH9sdQ5TC8v0qDQCHnXt+kaKSTVE=
github.com/kr/text v0.1.0/go.mod h1:4Jbv+DJW3UT/LiOwJeYQe1efqtUx/iVham/4vfdArNI=
github.com/magiconair/properties v1.7.0 h1:8Oygzd+nhiSWfp2XOwattyfEt36Q/F/99zQJy4axKdg=
github.com/magiconair/properties v1.7.0/go.mod h1:PppfXfuXeibc/6YijjN8zIbojt8czPbwD3XqdrwzmxQ=
github.com/mitchellh/mapstructure v0.0.0-20160212031839-d2dd02622084 h1:Z2EJ6SUYrzx6J/YH/ltZthkUQTB/5+Ykpkew6y9DGJE=
github.com/mitchellh/mapstructure v0.0.0-20160212031839-d2dd02622084/go.mod h1:FVVH3fgwuzCH5S8UJGiWEs2h04kUh9fWfEaFds41c1Y=
github.com/pmezard/go-difflib v1.0.0 h1:4DBwDE0NGyQoBHbLQYPwSUPoCMWR5BEzIk/f1lZbAQM=
github.com/pmezard/go-difflib v1.0.0/go.mod h1:iKH77koFhYxTK1pcRnkKkqfTogsbg7gZNVY4sRDYZ/4=
github.com/spf13/cast v0.0.0-20160314192028-27b586b42e29 h1:Lgc6pP3ludnufG3ehP2WboB0IIKxlizm8NvXsI0/Z58=
github.com/spf13/cast v0.0.0-20160314192028-27b586b42e29/go.mod h1:r2rcYCSwa1IExKTDiTfzaxqT2FNHs8hODu4LnUfgKEg=
github.com/spf13/jwalterweatherman v0.0.0-20160311093646-33c24e77fb80 h1:evyGXhHMrxKBDkdlSPv9HMWV2o53o+Ibhm28BGc0450=
github.com/spf13/jwalterweatherman v0.0.0-20160311093646-33c24e77fb80/go.mod h1:cQK4TGJAtQXfYWX+Ddv3mKDzgVb68N+wFjFa4jdeBTo=
github.com/spf13/pflag v0.0.0-20160610190902-367864438f1b h1:eZZ0QAe7qz2L8dz1t9s6AMlheHgTLP4XcNbCV8HkOkY=
github.com/spf13/pflag v0.0.0-20160610190902-367864438f1b/go.mod h1:DYY7MBk1bdzusC3SYhjObp+wFpr4gzcvqqNjLnInEg4=
github.com/spf13/viper v0.0.0-20160605220307-c1ccc378a054 h1:HFSscibvPFmnVZEdvDyS3kGPjuw8WuSOENhdLLhTd40=
github.com/spf13/viper v0.0.0-20160605220307-c1ccc378a054/go.mod h1:A8kyI5cUJhb8N+3pkfONlcEcZbueH6nhAm0Fq7SrnBM=
github.com/stretchr/testify v1.2.2 h1:bSDNvY7ZPG5RlJ8otE/7V6gMiyenm9RtJ7IUVIAoJ1w=
github.com/stretchr/testify v1.2.2/go.mod h1:a8OnRcib4nhh0OaRAV+Yts87kKdq0PP7pXfy6kDkUVs=
golang.org/x/sys v0.0.0-20160615012701-62bee0375999 h1:mMwksw9evYb/M6VJQLeswaoE9yJ4X/Rg8YPFwo8nDfk=
golang.org/x/sys v0.0.0-20160615012701-62bee0375999/go.mod h1:STP8DvDyc/dI5b8T5hshtkjS+E42TnysNCUPdjciGhY=
gopkg.in/check.v1 v1.0.0-20180628173108-788fd7840127 h1:qIbj1fsPNlZgppZ+VLlY7N33q108Sa+fhmuc+sWQYwY=
gopkg.in/check.v1 v1.0.0-20180628173108-788fd7840127/go.mod h1:Co6ibVJAznAaIkqp8huTwlJQCZ016jof/cbN4VW5Yz0=
gopkg.in/yaml.v2 v2.0.0-20160301204022-a83829b6f129 h1:RBgb9aPUbZ9nu66ecQNIBNsA7j3mB5h8PNDIfhPjaJg=
gopkg.in/yaml.v2 v2.0.0-20160301204022-a83829b6f129/go.mod h1:JAlM8MvJe8wmxCU4Bli9HhUf9+ttbYbLASfIpnQbh74=
